// !$*UTF8*$!
{
	archiveVersion = 1;
	classes = {
	};
	objectVersion = 46;
	objects = {

/* Begin PBXBuildFile section */
		9729674C1B5F0DE200AD8B5E /* main.m in Sources */ = {isa = PBXBuildFile; fileRef = 9729674B1B5F0DE200AD8B5E /* main.m */; };
		9729674F1B5F0DE200AD8B5E /* AppDelegate.m in Sources */ = {isa = PBXBuildFile; fileRef = 9729674E1B5F0DE200AD8B5E /* AppDelegate.m */; };
		972967521B5F0DE200AD8B5E /* ViewController.m in Sources */ = {isa = PBXBuildFile; fileRef = 972967511B5F0DE200AD8B5E /* ViewController.m */; };
		972967551B5F0DE200AD8B5E /* Main.storyboard in Resources */ = {isa = PBXBuildFile; fileRef = 972967531B5F0DE200AD8B5E /* Main.storyboard */; };
		972967571B5F0DE200AD8B5E /* Images.xcassets in Resources */ = {isa = PBXBuildFile; fileRef = 972967561B5F0DE200AD8B5E /* Images.xcassets */; };
		9729675A1B5F0DE200AD8B5E /* LaunchScreen.xib in Resources */ = {isa = PBXBuildFile; fileRef = 972967581B5F0DE200AD8B5E /* LaunchScreen.xib */; };
		972967661B5F0DE300AD8B5E /* AlcolatorTests.m in Sources */ = {isa = PBXBuildFile; fileRef = 972967651B5F0DE300AD8B5E /* AlcolatorTests.m */; };
		972967711B5F259500AD8B5E /* WhiskeyViewController.m in Sources */ = {isa = PBXBuildFile; fileRef = 972967701B5F259500AD8B5E /* WhiskeyViewController.m */; };
/* End PBXBuildFile section */

/* Begin PBXContainerItemProxy section */
		972967601B5F0DE200AD8B5E /* PBXContainerItemProxy */ = {
			isa = PBXContainerItemProxy;
			containerPortal = 9729673E1B5F0DE200AD8B5E /* Project object */;
			proxyType = 1;
			remoteGlobalIDString = 972967451B5F0DE200AD8B5E;
			remoteInfo = Alcolator;
		};
/* End PBXContainerItemProxy section */

/* Begin PBXFileReference section */
		972967461B5F0DE200AD8B5E /* Alcolator.app */ = {isa = PBXFileReference; explicitFileType = wrapper.application; includeInIndex = 0; path = Alcolator.app; sourceTree = BUILT_PRODUCTS_DIR; };
		9729674A1B5F0DE200AD8B5E /* Info.plist */ = {isa = PBXFileReference; lastKnownFileType = text.plist.xml; path = Info.plist; sourceTree = "<group>"; };
		9729674B1B5F0DE200AD8B5E /* main.m */ = {isa = PBXFileReference; lastKnownFileType = sourcecode.c.objc; path = main.m; sourceTree = "<group>"; };
		9729674D1B5F0DE200AD8B5E /* AppDelegate.h */ = {isa = PBXFileReference; lastKnownFileType = sourcecode.c.h; path = AppDelegate.h; sourceTree = "<group>"; };
		9729674E1B5F0DE200AD8B5E /* AppDelegate.m */ = {isa = PBXFileReference; lastKnownFileType = sourcecode.c.objc; path = AppDelegate.m; sourceTree = "<group>"; };
		972967501B5F0DE200AD8B5E /* ViewController.h */ = {isa = PBXFileReference; lastKnownFileType = sourcecode.c.h; path = ViewController.h; sourceTree = "<group>"; };
		972967511B5F0DE200AD8B5E /* ViewController.m */ = {isa = PBXFileReference; lastKnownFileType = sourcecode.c.objc; path = ViewController.m; sourceTree = "<group>"; };
		972967541B5F0DE200AD8B5E /* Base */ = {isa = PBXFileReference; lastKnownFileType = file.storyboard; name = Base; path = Base.lproj/Main.storyboard; sourceTree = "<group>"; };
		972967561B5F0DE200AD8B5E /* Images.xcassets */ = {isa = PBXFileReference; lastKnownFileType = folder.assetcatalog; path = Images.xcassets; sourceTree = "<group>"; };
		972967591B5F0DE200AD8B5E /* Base */ = {isa = PBXFileReference; lastKnownFileType = file.xib; name = Base; path = Base.lproj/LaunchScreen.xib; sourceTree = "<group>"; };
		9729675F1B5F0DE200AD8B5E /* AlcolatorTests.xctest */ = {isa = PBXFileReference; explicitFileType = wrapper.cfbundle; includeInIndex = 0; path = AlcolatorTests.xctest; sourceTree = BUILT_PRODUCTS_DIR; };
		972967641B5F0DE300AD8B5E /* Info.plist */ = {isa = PBXFileReference; lastKnownFileType = text.plist.xml; path = Info.plist; sourceTree = "<group>"; };
		972967651B5F0DE300AD8B5E /* AlcolatorTests.m */ = {isa = PBXFileReference; lastKnownFileType = sourcecode.c.objc; path = AlcolatorTests.m; sourceTree = "<group>"; };
		9729676F1B5F259500AD8B5E /* WhiskeyViewController.h */ = {isa = PBXFileReference; fileEncoding = 4; lastKnownFileType = sourcecode.c.h; path = WhiskeyViewController.h; sourceTree = "<group>"; };
		972967701B5F259500AD8B5E /* WhiskeyViewController.m */ = {isa = PBXFileReference; fileEncoding = 4; lastKnownFileType = sourcecode.c.objc; path = WhiskeyViewController.m; sourceTree = "<group>"; };
/* End PBXFileReference section */

/* Begin PBXFrameworksBuildPhase section */
		972967431B5F0DE200AD8B5E /* Frameworks */ = {
			isa = PBXFrameworksBuildPhase;
			buildActionMask = 2147483647;
			files = (
			);
			runOnlyForDeploymentPostprocessing = 0;
		};
		9729675C1B5F0DE200AD8B5E /* Frameworks */ = {
			isa = PBXFrameworksBuildPhase;
			buildActionMask = 2147483647;
			files = (
			);
			runOnlyForDeploymentPostprocessing = 0;
		};
/* End PBXFrameworksBuildPhase section */

/* Begin PBXGroup section */
		9729673D1B5F0DE200AD8B5E = {
			isa = PBXGroup;
			children = (
				972967481B5F0DE200AD8B5E /* Alcolator */,
				972967621B5F0DE200AD8B5E /* AlcolatorTests */,
				972967471B5F0DE200AD8B5E /* Products */,
			);
			sourceTree = "<group>";
		};
		972967471B5F0DE200AD8B5E /* Products */ = {
			isa = PBXGroup;
			children = (
				972967461B5F0DE200AD8B5E /* Alcolator.app */,
				9729675F1B5F0DE200AD8B5E /* AlcolatorTests.xctest */,
			);
			name = Products;
			sourceTree = "<group>";
		};
		972967481B5F0DE200AD8B5E /* Alcolator */ = {
			isa = PBXGroup;
			children = (
				9729674D1B5F0DE200AD8B5E /* AppDelegate.h */,
				9729674E1B5F0DE200AD8B5E /* AppDelegate.m */,
				972967501B5F0DE200AD8B5E /* ViewController.h */,
				972967511B5F0DE200AD8B5E /* ViewController.m */,
				9729676F1B5F259500AD8B5E /* WhiskeyViewController.h */,
				972967701B5F259500AD8B5E /* WhiskeyViewController.m */,
				972967531B5F0DE200AD8B5E /* Main.storyboard */,
				972967561B5F0DE200AD8B5E /* Images.xcassets */,
				972967581B5F0DE200AD8B5E /* LaunchScreen.xib */,
				972967491B5F0DE200AD8B5E /* Supporting Files */,
			);
			path = Alcolator;
			sourceTree = "<group>";
		};
		972967491B5F0DE200AD8B5E /* Supporting Files */ = {
			isa = PBXGroup;
			children = (
				9729674A1B5F0DE200AD8B5E /* Info.plist */,
				9729674B1B5F0DE200AD8B5E /* main.m */,
			);
			name = "Supporting Files";
			sourceTree = "<group>";
		};
		972967621B5F0DE200AD8B5E /* AlcolatorTests */ = {
			isa = PBXGroup;
			children = (
				972967651B5F0DE300AD8B5E /* AlcolatorTests.m */,
				972967631B5F0DE300AD8B5E /* Supporting Files */,
			);
			path = AlcolatorTests;
			sourceTree = "<group>";
		};
		972967631B5F0DE300AD8B5E /* Supporting Files */ = {
			isa = PBXGroup;
			children = (
				972967641B5F0DE300AD8B5E /* Info.plist */,
			);
			name = "Supporting Files";
			sourceTree = "<group>";
		};
/* End PBXGroup section */

/* Begin PBXNativeTarget section */
		972967451B5F0DE200AD8B5E /* Alcolator */ = {
			isa = PBXNativeTarget;
			buildConfigurationList = 972967691B5F0DE300AD8B5E /* Build configuration list for PBXNativeTarget "Alcolator" */;
			buildPhases = (
				972967421B5F0DE200AD8B5E /* Sources */,
				972967431B5F0DE200AD8B5E /* Frameworks */,
				972967441B5F0DE200AD8B5E /* Resources */,
			);
			buildRules = (
			);
			dependencies = (
			);
			name = Alcolator;
			productName = Alcolator;
			productReference = 972967461B5F0DE200AD8B5E /* Alcolator.app */;
			productType = "com.apple.product-type.application";
		};
		9729675E1B5F0DE200AD8B5E /* AlcolatorTests */ = {
			isa = PBXNativeTarget;
			buildConfigurationList = 9729676C1B5F0DE300AD8B5E /* Build configuration list for PBXNativeTarget "AlcolatorTests" */;
			buildPhases = (
				9729675B1B5F0DE200AD8B5E /* Sources */,
				9729675C1B5F0DE200AD8B5E /* Frameworks */,
				9729675D1B5F0DE200AD8B5E /* Resources */,
			);
			buildRules = (
			);
			dependencies = (
				972967611B5F0DE200AD8B5E /* PBXTargetDependency */,
			);
			name = AlcolatorTests;
			productName = AlcolatorTests;
			productReference = 9729675F1B5F0DE200AD8B5E /* AlcolatorTests.xctest */;
			productType = "com.apple.product-type.bundle.unit-test";
		};
/* End PBXNativeTarget section */

/* Begin PBXProject section */
		9729673E1B5F0DE200AD8B5E /* Project object */ = {
			isa = PBXProject;
			attributes = {
				LastUpgradeCheck = 0640;
				ORGANIZATIONNAME = "Jeffrey Isaray";
				TargetAttributes = {
					972967451B5F0DE200AD8B5E = {
						CreatedOnToolsVersion = 6.4;
						DevelopmentTeam = NW9Z24C8WV;
					};
					9729675E1B5F0DE200AD8B5E = {
						CreatedOnToolsVersion = 6.4;
						TestTargetID = 972967451B5F0DE200AD8B5E;
					};
				};
			};
			buildConfigurationList = 972967411B5F0DE200AD8B5E /* Build configuration list for PBXProject "Alcolator" */;
			compatibilityVersion = "Xcode 3.2";
			developmentRegion = English;
			hasScannedForEncodings = 0;
			knownRegions = (
				en,
				Base,
			);
			mainGroup = 9729673D1B5F0DE200AD8B5E;
			productRefGroup = 972967471B5F0DE200AD8B5E /* Products */;
			projectDirPath = "";
			projectRoot = "";
			targets = (
				972967451B5F0DE200AD8B5E /* Alcolator */,
				9729675E1B5F0DE200AD8B5E /* AlcolatorTests */,
			);
		};
/* End PBXProject section */

/* Begin PBXResourcesBuildPhase section */
		972967441B5F0DE200AD8B5E /* Resources */ = {
			isa = PBXResourcesBuildPhase;
			buildActionMask = 2147483647;
			files = (
				972967551B5F0DE200AD8B5E /* Main.storyboard in Resources */,
				9729675A1B5F0DE200AD8B5E /* LaunchScreen.xib in Resources */,
				972967571B5F0DE200AD8B5E /* Images.xcassets in Resources */,
			);
			runOnlyForDeploymentPostprocessing = 0;
		};
		9729675D1B5F0DE200AD8B5E /* Resources */ = {
			isa = PBXResourcesBuildPhase;
			buildActionMask = 2147483647;
			files = (
			);
			runOnlyForDeploymentPostprocessing = 0;
		};
/* End PBXResourcesBuildPhase section */

/* Begin PBXSourcesBuildPhase section */
		972967421B5F0DE200AD8B5E /* Sources */ = {
			isa = PBXSourcesBuildPhase;
			buildActionMask = 2147483647;
			files = (
				972967521B5F0DE200AD8B5E /* ViewController.m in Sources */,
				972967711B5F259500AD8B5E /* WhiskeyViewController.m in Sources */,
				9729674F1B5F0DE200AD8B5E /* AppDelegate.m in Sources */,
				9729674C1B5F0DE200AD8B5E /* main.m in Sources */,
			);
			runOnlyForDeploymentPostprocessing = 0;
		};
		9729675B1B5F0DE200AD8B5E /* Sources */ = {
			isa = PBXSourcesBuildPhase;
			buildActionMask = 2147483647;
			files = (
				972967661B5F0DE300AD8B5E /* AlcolatorTests.m in Sources */,
			);
			runOnlyForDeploymentPostprocessing = 0;
		};
/* End PBXSourcesBuildPhase section */

/* Begin PBXTargetDependency section */
		972967611B5F0DE200AD8B5E /* PBXTargetDependency */ = {
			isa = PBXTargetDependency;
			target = 972967451B5F0DE200AD8B5E /* Alcolator */;
			targetProxy = 972967601B5F0DE200AD8B5E /* PBXContainerItemProxy */;
		};
/* End PBXTargetDependency section */

/* Begin PBXVariantGroup section */
		972967531B5F0DE200AD8B5E /* Main.storyboard */ = {
			isa = PBXVariantGroup;
			children = (
				972967541B5F0DE200AD8B5E /* Base */,
			);
			name = Main.storyboard;
			sourceTree = "<group>";
		};
		972967581B5F0DE200AD8B5E /* LaunchScreen.xib */ = {
			isa = PBXVariantGroup;
			children = (
				972967591B5F0DE200AD8B5E /* Base */,
			);
			name = LaunchScreen.xib;
			sourceTree = "<group>";
		};
/* End PBXVariantGroup section */

/* Begin XCBuildConfiguration section */
		972967671B5F0DE300AD8B5E /* Debug */ = {
			isa = XCBuildConfiguration;
			buildSettings = {
				ALWAYS_SEARCH_USER_PATHS = NO;
				CLANG_CXX_LANGUAGE_STANDARD = "gnu++0x";
				CLANG_CXX_LIBRARY = "libc++";
				CLANG_ENABLE_MODULES = YES;
				CLANG_ENABLE_OBJC_ARC = YES;
				CLANG_WARN_BOOL_CONVERSION = YES;
				CLANG_WARN_CONSTANT_CONVERSION = YES;
				CLANG_WARN_DIRECT_OBJC_ISA_USAGE = YES_ERROR;
				CLANG_WARN_EMPTY_BODY = YES;
				CLANG_WARN_ENUM_CONVERSION = YES;
				CLANG_WARN_INT_CONVERSION = YES;
				CLANG_WARN_OBJC_ROOT_CLASS = YES_ERROR;
				CLANG_WARN_UNREACHABLE_CODE = YES;
				CLANG_WARN__DUPLICATE_METHOD_MATCH = YES;
				"CODE_SIGN_IDENTITY[sdk=iphoneos*]" = "iPhone Developer";
				COPY_PHASE_STRIP = NO;
				DEBUG_INFORMATION_FORMAT = "dwarf-with-dsym";
				ENABLE_STRICT_OBJC_MSGSEND = YES;
				GCC_C_LANGUAGE_STANDARD = gnu99;
				GCC_DYNAMIC_NO_PIC = NO;
				GCC_NO_COMMON_BLOCKS = YES;
				GCC_OPTIMIZATION_LEVEL = 0;
				GCC_PREPROCESSOR_DEFINITIONS = (
					"DEBUG=1",
					"$(inherited)",
				);
				GCC_SYMBOLS_PRIVATE_EXTERN = NO;
				GCC_WARN_64_TO_32_BIT_CONVERSION = YES;
				GCC_WARN_ABOUT_RETURN_TYPE = YES_ERROR;
				GCC_WARN_UNDECLARED_SELECTOR = YES;
				GCC_WARN_UNINITIALIZED_AUTOS = YES_AGGRESSIVE;
				GCC_WARN_UNUSED_FUNCTION = YES;
				GCC_WARN_UNUSED_VARIABLE = YES;
				IPHONEOS_DEPLOYMENT_TARGET = 8.4;
				MTL_ENABLE_DEBUG_INFO = YES;
				ONLY_ACTIVE_ARCH = YES;
				SDKROOT = iphoneos;
				TARGETED_DEVICE_FAMILY = "1,2";
			};
			name = Debug;
		};
		972967681B5F0DE300AD8B5E /* Release */ = {
			isa = XCBuildConfiguration;
			buildSettings = {
				ALWAYS_SEARCH_USER_PATHS = NO;
				CLANG_CXX_LANGUAGE_STANDARD = "gnu++0x";
				CLANG_CXX_LIBRARY = "libc++";
				CLANG_ENABLE_MODULES = YES;
				CLANG_ENABLE_OBJC_ARC = YES;
				CLANG_WARN_BOOL_CONVERSION = YES;
				CLANG_WARN_CONSTANT_CONVERSION = YES;
				CLANG_WARN_DIRECT_OBJC_ISA_USAGE = YES_ERROR;
				CLANG_WARN_EMPTY_BODY = YES;
				CLANG_WARN_ENUM_CONVERSION = YES;
				CLANG_WARN_INT_CONVERSION = YES;
				CLANG_WARN_OBJC_ROOT_CLASS = YES_ERROR;
				CLANG_WARN_UNREACHABLE_CODE = YES;
				CLANG_WARN__DUPLICATE_METHOD_MATCH = YES;
				"CODE_SIGN_IDENTITY[sdk=iphoneos*]" = "iPhone Developer";
				COPY_PHASE_STRIP = NO;
				DEBUG_INFORMATION_FORMAT = "dwarf-with-dsym";
				ENABLE_NS_ASSERTIONS = NO;
				ENABLE_STRICT_OBJC_MSGSEND = YES;
				GCC_C_LANGUAGE_STANDARD = gnu99;
				GCC_NO_COMMON_BLOCKS = YES;
				GCC_WARN_64_TO_32_BIT_CONVERSION = YES;
				GCC_WARN_ABOUT_RETURN_TYPE = YES_ERROR;
				GCC_WARN_UNDECLARED_SELECTOR = YES;
				GCC_WARN_UNINITIALIZED_AUTOS = YES_AGGRESSIVE;
				GCC_WARN_UNUSED_FUNCTION = YES;
				GCC_WARN_UNUSED_VARIABLE = YES;
				IPHONEOS_DEPLOYMENT_TARGET = 8.4;
				MTL_ENABLE_DEBUG_INFO = NO;
				SDKROOT = iphoneos;
				TARGETED_DEVICE_FAMILY = "1,2";
				VALIDATE_PRODUCT = YES;
			};
			name = Release;
		};
		9729676A1B5F0DE300AD8B5E /* Debug */ = {
			isa = XCBuildConfiguration;
			buildSettings = {
				ASSETCATALOG_COMPILER_APPICON_NAME = AppIcon;
				CODE_SIGN_IDENTITY = "iPhone Developer";
				INFOPLIST_FILE = Alcolator/Info.plist;
				LD_RUNPATH_SEARCH_PATHS = "$(inherited) @executable_path/Frameworks";
				PRODUCT_NAME = "$(TARGET_NAME)";
			};
			name = Debug;
		};
		9729676B1B5F0DE300AD8B5E /* Release */ = {
			isa = XCBuildConfiguration;
			buildSettings = {
				ASSETCATALOG_COMPILER_APPICON_NAME = AppIcon;
				CODE_SIGN_IDENTITY = "iPhone Developer";
				INFOPLIST_FILE = Alcolator/Info.plist;
				LD_RUNPATH_SEARCH_PATHS = "$(inherited) @executable_path/Frameworks";
				PRODUCT_NAME = "$(TARGET_NAME)";
			};
			name = Release;
		};
		9729676D1B5F0DE300AD8B5E /* Debug */ = {
			isa = XCBuildConfiguration;
			buildSettings = {
				BUNDLE_LOADER = "$(TEST_HOST)";
				FRAMEWORK_SEARCH_PATHS = (
					"$(SDKROOT)/Developer/Library/Frameworks",
					"$(inherited)",
				);
				GCC_PREPROCESSOR_DEFINITIONS = (
					"DEBUG=1",
					"$(inherited)",
				);
				INFOPLIST_FILE = AlcolatorTests/Info.plist;
				LD_RUNPATH_SEARCH_PATHS = "$(inherited) @executable_path/Frameworks @loader_path/Frameworks";
				PRODUCT_NAME = "$(TARGET_NAME)";
				TEST_HOST = "$(BUILT_PRODUCTS_DIR)/Alcolator.app/Alcolator";
			};
			name = Debug;
		};
		9729676E1B5F0DE300AD8B5E /* Release */ = {
			isa = XCBuildConfiguration;
			buildSettings = {
				BUNDLE_LOADER = "$(TEST_HOST)";
				FRAMEWORK_SEARCH_PATHS = (
					"$(SDKROOT)/Developer/Library/Frameworks",
					"$(inherited)",
				);
				INFOPLIST_FILE = AlcolatorTests/Info.plist;
				LD_RUNPATH_SEARCH_PATHS = "$(inherited) @executable_path/Frameworks @loader_path/Frameworks";
				PRODUCT_NAME = "$(TARGET_NAME)";
				TEST_HOST = "$(BUILT_PRODUCTS_DIR)/Alcolator.app/Alcolator";
			};
			name = Release;
		};
/* End XCBuildConfiguration section */

/* Begin XCConfigurationList section */
		972967411B5F0DE200AD8B5E /* Build configuration list for PBXProject "Alcolator" */ = {
			isa = XCConfigurationList;
			buildConfigurations = (
				972967671B5F0DE300AD8B5E /* Debug */,
				972967681B5F0DE300AD8B5E /* Release */,
			);
			defaultConfigurationIsVisible = 0;
			defaultConfigurationName = Release;
		};
		972967691B5F0DE300AD8B5E /* Build configuration list for PBXNativeTarget "Alcolator" */ = {
			isa = XCConfigurationList;
			buildConfigurations = (
				9729676A1B5F0DE300AD8B5E /* Debug */,
				9729676B1B5F0DE300AD8B5E /* Release */,
			);
			defaultConfigurationIsVisible = 0;
			defaultConfigurationName = Release;
		};
		9729676C1B5F0DE300AD8B5E /* Build configuration list for PBXNativeTarget "AlcolatorTests" */ = {
			isa = XCConfigurationList;
			buildConfigurations = (
				9729676D1B5F0DE300AD8B5E /* Debug */,
				9729676E1B5F0DE300AD8B5E /* Release */,
			);
			defaultConfigurationIsVisible = 0;
			defaultConfigurationName = Release;
		};
/* End XCConfigurationList section */
	};
	rootObject = 9729673E1B5F0DE200AD8B5E /* Project object */;
}
